
Microsoft Visual Studio Solution File, Format Version 12.00
# Visual Studio Version 17
VisualStudioVersion = 17.6.33829.357
MinimumVisualStudioVersion = 10.0.40219.1
Project("{FAE04EC0-301F-11D3-BF4B-00C04F79EFBC}") = "NonGenericCollection", "NonGenericCollection\NonGenericCollection.csproj", "{9DF5B183-9D3F-4156-96B1-59024F0C2ADC}"
EndProject
Project("{FAE04EC0-301F-11D3-BF4B-00C04F79EFBC}") = "HashTable", "HashTable\HashTable.csproj", "{A6EF79C5-1EE2-4724-B9EE-403C9EA9E9A7}"
EndProject
Global
	GlobalSection(SolutionConfigurationPlatforms) = preSolution
		Debug|Any CPU = Debug|Any CPU
		Release|Any CPU = Release|Any CPU
	EndGlobalSection
	GlobalSection(ProjectConfigurationPlatforms) = postSolution
		{9DF5B183-9D3F-4156-96B1-59024F0C2ADC}.Debug|Any CPU.ActiveCfg = Debug|Any CPU
		{9DF5B183-9D3F-4156-96B1-59024F0C2ADC}.Debug|Any CPU.Build.0 = Debug|Any CPU
		{9DF5B183-9D3F-4156-96B1-59024F0C2ADC}.Release|Any CPU.ActiveCfg = Release|Any CPU
		{9DF5B183-9D3F-4156-96B1-59024F0C2ADC}.Release|Any CPU.Build.0 = Release|Any CPU
		{A6EF79C5-1EE2-4724-B9EE-403C9EA9E9A7}.Debug|Any CPU.ActiveCfg = Debug|Any CPU
		{A6EF79C5-1EE2-4724-B9EE-403C9EA9E9A7}.Debug|Any CPU.Build.0 = Debug|Any CPU
		{A6EF79C5-1EE2-4724-B9EE-403C9EA9E9A7}.Release|Any CPU.ActiveCfg = Release|Any CPU
		{A6EF79C5-1EE2-4724-B9EE-403C9EA9E9A7}.Release|Any CPU.Build.0 = Release|Any CPU
	EndGlobalSection
	GlobalSection(SolutionProperties) = preSolution
		HideSolutionNode = FALSE
	EndGlobalSection
	GlobalSection(ExtensibilityGlobals) = postSolution
		SolutionGuid = {95C5FE0D-8897-4E58-9FE9-8FF6D6654ADD}
	EndGlobalSection
EndGlobal
