
Microsoft Visual Studio Solution File, Format Version 12.00
# Visual Studio Version 17
VisualStudioVersion = 17.6.33829.357
MinimumVisualStudioVersion = 10.0.40219.1
Project("{FAE04EC0-301F-11D3-BF4B-00C04F79EFBC}") = "CollectionPractice", "CollectionPractice\CollectionPractice.csproj", "{24F56EC2-ACFC-4475-825E-26866CE005D9}"
EndProject
Global
	GlobalSection(SolutionConfigurationPlatforms) = preSolution
		Debug|Any CPU = Debug|Any CPU
		Release|Any CPU = Release|Any CPU
	EndGlobalSection
	GlobalSection(ProjectConfigurationPlatforms) = postSolution
		{24F56EC2-ACFC-4475-825E-26866CE005D9}.Debug|Any CPU.ActiveCfg = Debug|Any CPU
		{24F56EC2-ACFC-4475-825E-26866CE005D9}.Debug|Any CPU.Build.0 = Debug|Any CPU
		{24F56EC2-ACFC-4475-825E-26866CE005D9}.Release|Any CPU.ActiveCfg = Release|Any CPU
		{24F56EC2-ACFC-4475-825E-26866CE005D9}.Release|Any CPU.Build.0 = Release|Any CPU
	EndGlobalSection
	GlobalSection(SolutionProperties) = preSolution
		HideSolutionNode = FALSE
	EndGlobalSection
	GlobalSection(ExtensibilityGlobals) = postSolution
		SolutionGuid = {55950BEA-8E9B-4788-B5CD-21E6E592D062}
	EndGlobalSection
EndGlobal
