
Microsoft Visual Studio Solution File, Format Version 12.00
# Visual Studio Version 17
VisualStudioVersion = 17.6.33829.357
MinimumVisualStudioVersion = 10.0.40219.1
Project("{FAE04EC0-301F-11D3-BF4B-00C04F79EFBC}") = "FirstAjax", "FirstAjax\FirstAjax.csproj", "{BC292A17-8A24-4B5F-9851-DB0140BBE695}"
EndProject
Global
	GlobalSection(SolutionConfigurationPlatforms) = preSolution
		Debug|Any CPU = Debug|Any CPU
		Release|Any CPU = Release|Any CPU
	EndGlobalSection
	GlobalSection(ProjectConfigurationPlatforms) = postSolution
		{BC292A17-8A24-4B5F-9851-DB0140BBE695}.Debug|Any CPU.ActiveCfg = Debug|Any CPU
		{BC292A17-8A24-4B5F-9851-DB0140BBE695}.Debug|Any CPU.Build.0 = Debug|Any CPU
		{BC292A17-8A24-4B5F-9851-DB0140BBE695}.Release|Any CPU.ActiveCfg = Release|Any CPU
		{BC292A17-8A24-4B5F-9851-DB0140BBE695}.Release|Any CPU.Build.0 = Release|Any CPU
	EndGlobalSection
	GlobalSection(SolutionProperties) = preSolution
		HideSolutionNode = FALSE
	EndGlobalSection
	GlobalSection(ExtensibilityGlobals) = postSolution
		SolutionGuid = {C9D0234A-6F6B-4964-813A-C8D51CB1452D}
	EndGlobalSection
EndGlobal
