
Microsoft Visual Studio Solution File, Format Version 12.00
# Visual Studio Version 17
VisualStudioVersion = 17.6.33829.357
MinimumVisualStudioVersion = 10.0.40219.1
Project("{9A19103F-16F7-4668-BE54-9A1E7A4F7556}") = "DemoForAjax", "DemoForAjax\DemoForAjax.csproj", "{607A5475-6835-43D4-BC1D-D3ECC48F7C0C}"
EndProject
Project("{FAE04EC0-301F-11D3-BF4B-00C04F79EFBC}") = "WebApiUI", "WebApiUI\WebApiUI.csproj", "{FBC8DA37-5419-4BFD-B847-34AF9BBD2570}"
EndProject
Global
	GlobalSection(SolutionConfigurationPlatforms) = preSolution
		Debug|Any CPU = Debug|Any CPU
		Release|Any CPU = Release|Any CPU
	EndGlobalSection
	GlobalSection(ProjectConfigurationPlatforms) = postSolution
		{607A5475-6835-43D4-BC1D-D3ECC48F7C0C}.Debug|Any CPU.ActiveCfg = Debug|Any CPU
		{607A5475-6835-43D4-BC1D-D3ECC48F7C0C}.Debug|Any CPU.Build.0 = Debug|Any CPU
		{607A5475-6835-43D4-BC1D-D3ECC48F7C0C}.Release|Any CPU.ActiveCfg = Release|Any CPU
		{607A5475-6835-43D4-BC1D-D3ECC48F7C0C}.Release|Any CPU.Build.0 = Release|Any CPU
		{FBC8DA37-5419-4BFD-B847-34AF9BBD2570}.Debug|Any CPU.ActiveCfg = Debug|Any CPU
		{FBC8DA37-5419-4BFD-B847-34AF9BBD2570}.Debug|Any CPU.Build.0 = Debug|Any CPU
		{FBC8DA37-5419-4BFD-B847-34AF9BBD2570}.Release|Any CPU.ActiveCfg = Release|Any CPU
		{FBC8DA37-5419-4BFD-B847-34AF9BBD2570}.Release|Any CPU.Build.0 = Release|Any CPU
	EndGlobalSection
	GlobalSection(SolutionProperties) = preSolution
		HideSolutionNode = FALSE
	EndGlobalSection
	GlobalSection(ExtensibilityGlobals) = postSolution
		SolutionGuid = {5812E58B-DD9E-4566-9C8E-596847BDEE22}
	EndGlobalSection
EndGlobal
