
Microsoft Visual Studio Solution File, Format Version 12.00
# Visual Studio Version 17
VisualStudioVersion = 17.6.33829.357
MinimumVisualStudioVersion = 10.0.40219.1
Project("{FAE04EC0-301F-11D3-BF4B-00C04F79EFBC}") = "Enacp", "Enacp\Enacp.csproj", "{E7D8D986-C8E5-4D50-9AF3-828ABEED5865}"
EndProject
Global
	GlobalSection(SolutionConfigurationPlatforms) = preSolution
		Debug|Any CPU = Debug|Any CPU
		Release|Any CPU = Release|Any CPU
	EndGlobalSection
	GlobalSection(ProjectConfigurationPlatforms) = postSolution
		{E7D8D986-C8E5-4D50-9AF3-828ABEED5865}.Debug|Any CPU.ActiveCfg = Debug|Any CPU
		{E7D8D986-C8E5-4D50-9AF3-828ABEED5865}.Debug|Any CPU.Build.0 = Debug|Any CPU
		{E7D8D986-C8E5-4D50-9AF3-828ABEED5865}.Release|Any CPU.ActiveCfg = Release|Any CPU
		{E7D8D986-C8E5-4D50-9AF3-828ABEED5865}.Release|Any CPU.Build.0 = Release|Any CPU
	EndGlobalSection
	GlobalSection(SolutionProperties) = preSolution
		HideSolutionNode = FALSE
	EndGlobalSection
	GlobalSection(ExtensibilityGlobals) = postSolution
		SolutionGuid = {D7D7248F-70F0-445F-926E-C3610D519655}
	EndGlobalSection
EndGlobal
