
Microsoft Visual Studio Solution File, Format Version 12.00
# Visual Studio Version 17
VisualStudioVersion = 17.6.33829.357
MinimumVisualStudioVersion = 10.0.40219.1
Project("{FAE04EC0-301F-11D3-BF4B-00C04F79EFBC}") = "CustomException", "CustomException\CustomException.csproj", "{E4A273AD-FBDB-4589-881B-E34C284A31A0}"
EndProject
Global
	GlobalSection(SolutionConfigurationPlatforms) = preSolution
		Debug|Any CPU = Debug|Any CPU
		Release|Any CPU = Release|Any CPU
	EndGlobalSection
	GlobalSection(ProjectConfigurationPlatforms) = postSolution
		{E4A273AD-FBDB-4589-881B-E34C284A31A0}.Debug|Any CPU.ActiveCfg = Debug|Any CPU
		{E4A273AD-FBDB-4589-881B-E34C284A31A0}.Debug|Any CPU.Build.0 = Debug|Any CPU
		{E4A273AD-FBDB-4589-881B-E34C284A31A0}.Release|Any CPU.ActiveCfg = Release|Any CPU
		{E4A273AD-FBDB-4589-881B-E34C284A31A0}.Release|Any CPU.Build.0 = Release|Any CPU
	EndGlobalSection
	GlobalSection(SolutionProperties) = preSolution
		HideSolutionNode = FALSE
	EndGlobalSection
	GlobalSection(ExtensibilityGlobals) = postSolution
		SolutionGuid = {76242F4F-A66F-471B-8E08-C36E615C35D1}
	EndGlobalSection
EndGlobal
