
Microsoft Visual Studio Solution File, Format Version 12.00
# Visual Studio Version 17
VisualStudioVersion = 17.6.33829.357
MinimumVisualStudioVersion = 10.0.40219.1
Project("{FAE04EC0-301F-11D3-BF4B-00C04F79EFBC}") = "delegatesExample", "delegatesExample\delegatesExample.csproj", "{DCB6BF8C-F836-4495-BA1C-73F1FC61A41B}"
EndProject
Global
	GlobalSection(SolutionConfigurationPlatforms) = preSolution
		Debug|Any CPU = Debug|Any CPU
		Release|Any CPU = Release|Any CPU
	EndGlobalSection
	GlobalSection(ProjectConfigurationPlatforms) = postSolution
		{DCB6BF8C-F836-4495-BA1C-73F1FC61A41B}.Debug|Any CPU.ActiveCfg = Debug|Any CPU
		{DCB6BF8C-F836-4495-BA1C-73F1FC61A41B}.Debug|Any CPU.Build.0 = Debug|Any CPU
		{DCB6BF8C-F836-4495-BA1C-73F1FC61A41B}.Release|Any CPU.ActiveCfg = Release|Any CPU
		{DCB6BF8C-F836-4495-BA1C-73F1FC61A41B}.Release|Any CPU.Build.0 = Release|Any CPU
	EndGlobalSection
	GlobalSection(SolutionProperties) = preSolution
		HideSolutionNode = FALSE
	EndGlobalSection
	GlobalSection(ExtensibilityGlobals) = postSolution
		SolutionGuid = {BFF9F28D-3EB0-489B-992C-7BE0EEF8CCB9}
	EndGlobalSection
EndGlobal
