
Microsoft Visual Studio Solution File, Format Version 12.00
# Visual Studio Version 17
VisualStudioVersion = 17.6.33829.357
MinimumVisualStudioVersion = 10.0.40219.1
Project("{FAE04EC0-301F-11D3-BF4B-00C04F79EFBC}") = "GenericStack", "GenericStack\GenericStack.csproj", "{3FCF71D4-B204-4467-AB7B-A44AEFD7E0EC}"
EndProject
Global
	GlobalSection(SolutionConfigurationPlatforms) = preSolution
		Debug|Any CPU = Debug|Any CPU
		Release|Any CPU = Release|Any CPU
	EndGlobalSection
	GlobalSection(ProjectConfigurationPlatforms) = postSolution
		{3FCF71D4-B204-4467-AB7B-A44AEFD7E0EC}.Debug|Any CPU.ActiveCfg = Debug|Any CPU
		{3FCF71D4-B204-4467-AB7B-A44AEFD7E0EC}.Debug|Any CPU.Build.0 = Debug|Any CPU
		{3FCF71D4-B204-4467-AB7B-A44AEFD7E0EC}.Release|Any CPU.ActiveCfg = Release|Any CPU
		{3FCF71D4-B204-4467-AB7B-A44AEFD7E0EC}.Release|Any CPU.Build.0 = Release|Any CPU
	EndGlobalSection
	GlobalSection(SolutionProperties) = preSolution
		HideSolutionNode = FALSE
	EndGlobalSection
	GlobalSection(ExtensibilityGlobals) = postSolution
		SolutionGuid = {B5659540-436D-43AE-A181-75269C63F50E}
	EndGlobalSection
EndGlobal
