
Microsoft Visual Studio Solution File, Format Version 12.00
# Visual Studio Version 17
VisualStudioVersion = 17.6.33829.357
MinimumVisualStudioVersion = 10.0.40219.1
Project("{FAE04EC0-301F-11D3-BF4B-00C04F79EFBC}") = "DemoForEntityExample", "DemoForEntityExample\DemoForEntityExample.csproj", "{746FEC5B-63C6-4AA3-A281-65D3059F8588}"
EndProject
Project("{FAE04EC0-301F-11D3-BF4B-00C04F79EFBC}") = "MyAppDB", "MyAppDB\MyAppDB.csproj", "{9ADE858B-348B-4527-99B5-030ED54C7855}"
EndProject
Project("{FAE04EC0-301F-11D3-BF4B-00C04F79EFBC}") = "MyApp.Model", "MyApp.Model\MyApp.Model.csproj", "{4610FA6E-452D-4BB8-AC5A-B0D2D8D6C5FC}"
EndProject
Global
	GlobalSection(SolutionConfigurationPlatforms) = preSolution
		Debug|Any CPU = Debug|Any CPU
		Release|Any CPU = Release|Any CPU
	EndGlobalSection
	GlobalSection(ProjectConfigurationPlatforms) = postSolution
		{746FEC5B-63C6-4AA3-A281-65D3059F8588}.Debug|Any CPU.ActiveCfg = Debug|Any CPU
		{746FEC5B-63C6-4AA3-A281-65D3059F8588}.Debug|Any CPU.Build.0 = Debug|Any CPU
		{746FEC5B-63C6-4AA3-A281-65D3059F8588}.Release|Any CPU.ActiveCfg = Release|Any CPU
		{746FEC5B-63C6-4AA3-A281-65D3059F8588}.Release|Any CPU.Build.0 = Release|Any CPU
		{9ADE858B-348B-4527-99B5-030ED54C7855}.Debug|Any CPU.ActiveCfg = Debug|Any CPU
		{9ADE858B-348B-4527-99B5-030ED54C7855}.Debug|Any CPU.Build.0 = Debug|Any CPU
		{9ADE858B-348B-4527-99B5-030ED54C7855}.Release|Any CPU.ActiveCfg = Release|Any CPU
		{9ADE858B-348B-4527-99B5-030ED54C7855}.Release|Any CPU.Build.0 = Release|Any CPU
		{4610FA6E-452D-4BB8-AC5A-B0D2D8D6C5FC}.Debug|Any CPU.ActiveCfg = Debug|Any CPU
		{4610FA6E-452D-4BB8-AC5A-B0D2D8D6C5FC}.Debug|Any CPU.Build.0 = Debug|Any CPU
		{4610FA6E-452D-4BB8-AC5A-B0D2D8D6C5FC}.Release|Any CPU.ActiveCfg = Release|Any CPU
		{4610FA6E-452D-4BB8-AC5A-B0D2D8D6C5FC}.Release|Any CPU.Build.0 = Release|Any CPU
	EndGlobalSection
	GlobalSection(SolutionProperties) = preSolution
		HideSolutionNode = FALSE
	EndGlobalSection
	GlobalSection(ExtensibilityGlobals) = postSolution
		SolutionGuid = {E1289222-A4CD-4766-8ECD-165A3FFF200C}
	EndGlobalSection
EndGlobal
