
Microsoft Visual Studio Solution File, Format Version 12.00
# Visual Studio Version 17
VisualStudioVersion = 17.6.33829.357
MinimumVisualStudioVersion = 10.0.40219.1
Project("{FAE04EC0-301F-11D3-BF4B-00C04F79EFBC}") = "efexam", "efexam\efexam.csproj", "{B6E3C696-41DC-440C-BBE3-438BF109DB0B}"
EndProject
Global
	GlobalSection(SolutionConfigurationPlatforms) = preSolution
		Debug|Any CPU = Debug|Any CPU
		Release|Any CPU = Release|Any CPU
	EndGlobalSection
	GlobalSection(ProjectConfigurationPlatforms) = postSolution
		{B6E3C696-41DC-440C-BBE3-438BF109DB0B}.Debug|Any CPU.ActiveCfg = Debug|Any CPU
		{B6E3C696-41DC-440C-BBE3-438BF109DB0B}.Debug|Any CPU.Build.0 = Debug|Any CPU
		{B6E3C696-41DC-440C-BBE3-438BF109DB0B}.Release|Any CPU.ActiveCfg = Release|Any CPU
		{B6E3C696-41DC-440C-BBE3-438BF109DB0B}.Release|Any CPU.Build.0 = Release|Any CPU
	EndGlobalSection
	GlobalSection(SolutionProperties) = preSolution
		HideSolutionNode = FALSE
	EndGlobalSection
	GlobalSection(ExtensibilityGlobals) = postSolution
		SolutionGuid = {275EF65E-4ABA-43AF-9D90-5C246145F6B4}
	EndGlobalSection
EndGlobal
