
Microsoft Visual Studio Solution File, Format Version 12.00
# Visual Studio Version 17
VisualStudioVersion = 17.6.33829.357
MinimumVisualStudioVersion = 10.0.40219.1
Project("{FAE04EC0-301F-11D3-BF4B-00C04F79EFBC}") = "LogInForm", "LogInForm\LogInForm.csproj", "{3E00D54A-5FC1-4F5D-9075-B2A3C12D207C}"
EndProject
Global
	GlobalSection(SolutionConfigurationPlatforms) = preSolution
		Debug|Any CPU = Debug|Any CPU
		Release|Any CPU = Release|Any CPU
	EndGlobalSection
	GlobalSection(ProjectConfigurationPlatforms) = postSolution
		{3E00D54A-5FC1-4F5D-9075-B2A3C12D207C}.Debug|Any CPU.ActiveCfg = Debug|Any CPU
		{3E00D54A-5FC1-4F5D-9075-B2A3C12D207C}.Debug|Any CPU.Build.0 = Debug|Any CPU
		{3E00D54A-5FC1-4F5D-9075-B2A3C12D207C}.Release|Any CPU.ActiveCfg = Release|Any CPU
		{3E00D54A-5FC1-4F5D-9075-B2A3C12D207C}.Release|Any CPU.Build.0 = Release|Any CPU
	EndGlobalSection
	GlobalSection(SolutionProperties) = preSolution
		HideSolutionNode = FALSE
	EndGlobalSection
	GlobalSection(ExtensibilityGlobals) = postSolution
		SolutionGuid = {D99DECBF-5A6F-4E23-BE09-EC31FD26E05D}
	EndGlobalSection
EndGlobal
